
Microsoft Visual Studio Solution File, Format Version 12.00
# Visual Studio Version 17
VisualStudioVersion = 17.10.34916.146
MinimumVisualStudioVersion = 10.0.40219.1
Project("{FAE04EC0-301F-11D3-BF4B-00C04F79EFBC}") = "Emily'sFirstConsoleApp", "Emily'sFirstConsoleApp\Emily'sFirstConsoleApp.csproj", "{F024C7ED-6DB5-4D9D-B15A-C8266BA7FD32}"
EndProject
Global
	GlobalSection(SolutionConfigurationPlatforms) = preSolution
		Debug|Any CPU = Debug|Any CPU
		Release|Any CPU = Release|Any CPU
	EndGlobalSection
	GlobalSection(ProjectConfigurationPlatforms) = postSolution
		{F024C7ED-6DB5-4D9D-B15A-C8266BA7FD32}.Debug|Any CPU.ActiveCfg = Debug|Any CPU
		{F024C7ED-6DB5-4D9D-B15A-C8266BA7FD32}.Debug|Any CPU.Build.0 = Debug|Any CPU
		{F024C7ED-6DB5-4D9D-B15A-C8266BA7FD32}.Release|Any CPU.ActiveCfg = Release|Any CPU
		{F024C7ED-6DB5-4D9D-B15A-C8266BA7FD32}.Release|Any CPU.Build.0 = Release|Any CPU
	EndGlobalSection
	GlobalSection(SolutionProperties) = preSolution
		HideSolutionNode = FALSE
	EndGlobalSection
	GlobalSection(ExtensibilityGlobals) = postSolution
		SolutionGuid = {2A0412DD-BC63-4461-BAA3-3EEC35C1E33C}
	EndGlobalSection
EndGlobal
